
Microsoft Visual Studio Solution File, Format Version 12.00
# Visual Studio Version 17
VisualStudioVersion = 17.8.34330.188
MinimumVisualStudioVersion = 10.0.40219.1
Project("{FAE04EC0-301F-11D3-BF4B-00C04F79EFBC}") = "ODEV.17", "ODEV.17\ODEV.17.csproj", "{B16615C0-614A-40BF-916E-31C1A03CAC84}"
EndProject
Global
	GlobalSection(SolutionConfigurationPlatforms) = preSolution
		Debug|Any CPU = Debug|Any CPU
		Release|Any CPU = Release|Any CPU
	EndGlobalSection
	GlobalSection(ProjectConfigurationPlatforms) = postSolution
		{B16615C0-614A-40BF-916E-31C1A03CAC84}.Debug|Any CPU.ActiveCfg = Debug|Any CPU
		{B16615C0-614A-40BF-916E-31C1A03CAC84}.Debug|Any CPU.Build.0 = Debug|Any CPU
		{B16615C0-614A-40BF-916E-31C1A03CAC84}.Release|Any CPU.ActiveCfg = Release|Any CPU
		{B16615C0-614A-40BF-916E-31C1A03CAC84}.Release|Any CPU.Build.0 = Release|Any CPU
	EndGlobalSection
	GlobalSection(SolutionProperties) = preSolution
		HideSolutionNode = FALSE
	EndGlobalSection
	GlobalSection(ExtensibilityGlobals) = postSolution
		SolutionGuid = {8060307A-819F-401E-8467-6A4CAB9DCDAA}
	EndGlobalSection
EndGlobal
